{
  "nodes": {
    "nixpkgs": {
      "locked": {
        "lastModified": 1719370826,
        "narHash": "sha256-Zu/zdSWXufEQ4JvizNZKC/SzUX9ZOEaqMVyZ/bBul6c=",
        "owner": "nixos",
        "repo": "nixpkgs",
        "rev": "e10b0f95bd07422c63a88cfa50ccccebd4963b99",
        "type": "github"
      },
      "original": {
        "owner": "nixos",
        "ref": "nixos-unstable-small",
        "repo": "nixpkgs",
        "type": "github"
      }
    },
    "root": {
      "inputs": {
        "nixpkgs": "nixpkgs"
      }
    }
  },
  "root": "root",
  "version": 7
}
